
Microsoft Visual Studio Solution File, Format Version 12.00
# Visual Studio Version 17
VisualStudioVersion = 17.0.31919.166
MinimumVisualStudioVersion = 10.0.40219.1
Project("{2150E333-8FDC-42A3-9474-1A3956D46DE8}") = "src", "src", "{B9A09F10-E849-4303-A3C6-E87B3B907136}"
EndProject
Project("{2150E333-8FDC-42A3-9474-1A3956D46DE8}") = "Building Blocks", "Building Blocks", "{CBC9DDA0-9ED5-409C-AF69-5705D0E044E2}"
EndProject
Project("{2150E333-8FDC-42A3-9474-1A3956D46DE8}") = "Services", "Services", "{132F2DBF-D186-43A4-A2C1-BCF3CB0FBC44}"
EndProject
Project("{2150E333-8FDC-42A3-9474-1A3956D46DE8}") = "Web", "Web", "{946AAED2-33CF-4490-9455-A6ABE3B71CEA}"
EndProject
Project("{2150E333-8FDC-42A3-9474-1A3956D46DE8}") = "Identidade", "Identidade", "{DE281E71-0F90-4FCE-BFD8-D860AD251D5E}"
EndProject
Project("{9A19103F-16F7-4668-BE54-9A1E7A4F7556}") = "NSE.Identidade.API", "src\services\NSE.Identidade.API\NSE.Identidade.API.csproj", "{F69CBB5E-81BC-4D1E-ABD5-1FF3C8ABB9D7}"
EndProject
Project("{2150E333-8FDC-42A3-9474-1A3956D46DE8}") = "MVC", "MVC", "{1BB7DE5A-A9AB-4419-A373-5CBA6465E2E5}"
EndProject
Project("{9A19103F-16F7-4668-BE54-9A1E7A4F7556}") = "NSE.WebApp.MVC", "src\web\NSE.WebApp.MVC\NSE.WebApp.MVC.csproj", "{E9D68A13-6087-4D19-8B4C-911DB2880410}"
EndProject
Project("{2150E333-8FDC-42A3-9474-1A3956D46DE8}") = "Core", "Core", "{9E00FF69-7C2D-42B9-AA33-4D9B4D02762D}"
EndProject
Project("{9A19103F-16F7-4668-BE54-9A1E7A4F7556}") = "NSE.Core", "src\building blocks\NSE.Core\NSE.Core.csproj", "{A531BE3B-D2FC-4DE6-B842-FD5148F2D1B4}"
EndProject
Project("{2150E333-8FDC-42A3-9474-1A3956D46DE8}") = "Carrinho", "Carrinho", "{90AA0207-FC06-4EEA-BA9B-F15803D8FB03}"
EndProject
Project("{2150E333-8FDC-42A3-9474-1A3956D46DE8}") = "Catalogo", "Catalogo", "{14AE462B-B36F-46A3-8987-F33F2D54EFE0}"
EndProject
Project("{2150E333-8FDC-42A3-9474-1A3956D46DE8}") = "Cliente", "Cliente", "{8F2FA2AA-FDEC-4FB6-9EC2-11A9E1D5C4B0}"
EndProject
Project("{2150E333-8FDC-42A3-9474-1A3956D46DE8}") = "Pagamento", "Pagamento", "{2A31A576-A45E-4705-AAFF-771CCB4779D9}"
EndProject
Project("{2150E333-8FDC-42A3-9474-1A3956D46DE8}") = "Pedido", "Pedido", "{F876D5AC-6846-4A5F-977A-3F8492B929FA}"
EndProject
Project("{9A19103F-16F7-4668-BE54-9A1E7A4F7556}") = "NSE.Carrinho.API", "src\services\NSE.Carrinho.API\NSE.Carrinho.API.csproj", "{DA98F238-DC49-44B4-8FD9-58BDB7907771}"
EndProject
Project("{9A19103F-16F7-4668-BE54-9A1E7A4F7556}") = "NSE.Catalogo.API", "src\services\NSE.Catalogo.API\NSE.Catalogo.API.csproj", "{9390972E-2908-4601-BD4B-340F81A70293}"
EndProject
Project("{9A19103F-16F7-4668-BE54-9A1E7A4F7556}") = "NSE.Clientes.API", "src\services\NSE.Cliente.API\NSE.Clientes.API.csproj", "{8A3686B5-8D81-474E-A203-5C67CD782025}"
EndProject
Project("{9A19103F-16F7-4668-BE54-9A1E7A4F7556}") = "NSE.Pagamento.API", "src\services\NSE.Pagamento.API\NSE.Pagamento.API.csproj", "{186C1420-916D-48FB-8FA9-12560FD972EB}"
EndProject
Project("{9A19103F-16F7-4668-BE54-9A1E7A4F7556}") = "NSE.Pedido.API", "src\services\NSE.Pedido.API\NSE.Pedido.API.csproj", "{3B6BD545-1254-4182-95D8-93FE0ED9383A}"
EndProject
Project("{2150E333-8FDC-42A3-9474-1A3956D46DE8}") = "Services", "Services", "{0A01F51A-A3E9-429E-ACE0-AB3834AAAE9A}"
EndProject
Project("{9A19103F-16F7-4668-BE54-9A1E7A4F7556}") = "NSE.WebAPI.Core", "src\building blocks\NSE.WebAPI.Core\NSE.WebAPI.Core.csproj", "{05C38B14-3CB9-4FF9-9C08-678A7EB333B2}"
EndProject
Global
	GlobalSection(SolutionConfigurationPlatforms) = preSolution
		Debug|Any CPU = Debug|Any CPU
		Release|Any CPU = Release|Any CPU
	EndGlobalSection
	GlobalSection(ProjectConfigurationPlatforms) = postSolution
		{F69CBB5E-81BC-4D1E-ABD5-1FF3C8ABB9D7}.Debug|Any CPU.ActiveCfg = Debug|Any CPU
		{F69CBB5E-81BC-4D1E-ABD5-1FF3C8ABB9D7}.Debug|Any CPU.Build.0 = Debug|Any CPU
		{F69CBB5E-81BC-4D1E-ABD5-1FF3C8ABB9D7}.Release|Any CPU.ActiveCfg = Release|Any CPU
		{F69CBB5E-81BC-4D1E-ABD5-1FF3C8ABB9D7}.Release|Any CPU.Build.0 = Release|Any CPU
		{E9D68A13-6087-4D19-8B4C-911DB2880410}.Debug|Any CPU.ActiveCfg = Debug|Any CPU
		{E9D68A13-6087-4D19-8B4C-911DB2880410}.Debug|Any CPU.Build.0 = Debug|Any CPU
		{E9D68A13-6087-4D19-8B4C-911DB2880410}.Release|Any CPU.ActiveCfg = Release|Any CPU
		{E9D68A13-6087-4D19-8B4C-911DB2880410}.Release|Any CPU.Build.0 = Release|Any CPU
		{A531BE3B-D2FC-4DE6-B842-FD5148F2D1B4}.Debug|Any CPU.ActiveCfg = Debug|Any CPU
		{A531BE3B-D2FC-4DE6-B842-FD5148F2D1B4}.Debug|Any CPU.Build.0 = Debug|Any CPU
		{A531BE3B-D2FC-4DE6-B842-FD5148F2D1B4}.Release|Any CPU.ActiveCfg = Release|Any CPU
		{A531BE3B-D2FC-4DE6-B842-FD5148F2D1B4}.Release|Any CPU.Build.0 = Release|Any CPU
		{DA98F238-DC49-44B4-8FD9-58BDB7907771}.Debug|Any CPU.ActiveCfg = Debug|Any CPU
		{DA98F238-DC49-44B4-8FD9-58BDB7907771}.Debug|Any CPU.Build.0 = Debug|Any CPU
		{DA98F238-DC49-44B4-8FD9-58BDB7907771}.Release|Any CPU.ActiveCfg = Release|Any CPU
		{DA98F238-DC49-44B4-8FD9-58BDB7907771}.Release|Any CPU.Build.0 = Release|Any CPU
		{9390972E-2908-4601-BD4B-340F81A70293}.Debug|Any CPU.ActiveCfg = Debug|Any CPU
		{9390972E-2908-4601-BD4B-340F81A70293}.Debug|Any CPU.Build.0 = Debug|Any CPU
		{9390972E-2908-4601-BD4B-340F81A70293}.Release|Any CPU.ActiveCfg = Release|Any CPU
		{9390972E-2908-4601-BD4B-340F81A70293}.Release|Any CPU.Build.0 = Release|Any CPU
		{8A3686B5-8D81-474E-A203-5C67CD782025}.Debug|Any CPU.ActiveCfg = Debug|Any CPU
		{8A3686B5-8D81-474E-A203-5C67CD782025}.Debug|Any CPU.Build.0 = Debug|Any CPU
		{8A3686B5-8D81-474E-A203-5C67CD782025}.Release|Any CPU.ActiveCfg = Release|Any CPU
		{8A3686B5-8D81-474E-A203-5C67CD782025}.Release|Any CPU.Build.0 = Release|Any CPU
		{186C1420-916D-48FB-8FA9-12560FD972EB}.Debug|Any CPU.ActiveCfg = Debug|Any CPU
		{186C1420-916D-48FB-8FA9-12560FD972EB}.Debug|Any CPU.Build.0 = Debug|Any CPU
		{186C1420-916D-48FB-8FA9-12560FD972EB}.Release|Any CPU.ActiveCfg = Release|Any CPU
		{186C1420-916D-48FB-8FA9-12560FD972EB}.Release|Any CPU.Build.0 = Release|Any CPU
		{3B6BD545-1254-4182-95D8-93FE0ED9383A}.Debug|Any CPU.ActiveCfg = Debug|Any CPU
		{3B6BD545-1254-4182-95D8-93FE0ED9383A}.Debug|Any CPU.Build.0 = Debug|Any CPU
		{3B6BD545-1254-4182-95D8-93FE0ED9383A}.Release|Any CPU.ActiveCfg = Release|Any CPU
		{3B6BD545-1254-4182-95D8-93FE0ED9383A}.Release|Any CPU.Build.0 = Release|Any CPU
		{05C38B14-3CB9-4FF9-9C08-678A7EB333B2}.Debug|Any CPU.ActiveCfg = Debug|Any CPU
		{05C38B14-3CB9-4FF9-9C08-678A7EB333B2}.Debug|Any CPU.Build.0 = Debug|Any CPU
		{05C38B14-3CB9-4FF9-9C08-678A7EB333B2}.Release|Any CPU.ActiveCfg = Release|Any CPU
		{05C38B14-3CB9-4FF9-9C08-678A7EB333B2}.Release|Any CPU.Build.0 = Release|Any CPU
	EndGlobalSection
	GlobalSection(SolutionProperties) = preSolution
		HideSolutionNode = FALSE
	EndGlobalSection
	GlobalSection(NestedProjects) = preSolution
		{CBC9DDA0-9ED5-409C-AF69-5705D0E044E2} = {B9A09F10-E849-4303-A3C6-E87B3B907136}
		{132F2DBF-D186-43A4-A2C1-BCF3CB0FBC44} = {B9A09F10-E849-4303-A3C6-E87B3B907136}
		{946AAED2-33CF-4490-9455-A6ABE3B71CEA} = {B9A09F10-E849-4303-A3C6-E87B3B907136}
		{DE281E71-0F90-4FCE-BFD8-D860AD251D5E} = {132F2DBF-D186-43A4-A2C1-BCF3CB0FBC44}
		{F69CBB5E-81BC-4D1E-ABD5-1FF3C8ABB9D7} = {DE281E71-0F90-4FCE-BFD8-D860AD251D5E}
		{1BB7DE5A-A9AB-4419-A373-5CBA6465E2E5} = {946AAED2-33CF-4490-9455-A6ABE3B71CEA}
		{E9D68A13-6087-4D19-8B4C-911DB2880410} = {1BB7DE5A-A9AB-4419-A373-5CBA6465E2E5}
		{9E00FF69-7C2D-42B9-AA33-4D9B4D02762D} = {CBC9DDA0-9ED5-409C-AF69-5705D0E044E2}
		{A531BE3B-D2FC-4DE6-B842-FD5148F2D1B4} = {9E00FF69-7C2D-42B9-AA33-4D9B4D02762D}
		{90AA0207-FC06-4EEA-BA9B-F15803D8FB03} = {132F2DBF-D186-43A4-A2C1-BCF3CB0FBC44}
		{14AE462B-B36F-46A3-8987-F33F2D54EFE0} = {132F2DBF-D186-43A4-A2C1-BCF3CB0FBC44}
		{8F2FA2AA-FDEC-4FB6-9EC2-11A9E1D5C4B0} = {132F2DBF-D186-43A4-A2C1-BCF3CB0FBC44}
		{2A31A576-A45E-4705-AAFF-771CCB4779D9} = {132F2DBF-D186-43A4-A2C1-BCF3CB0FBC44}
		{F876D5AC-6846-4A5F-977A-3F8492B929FA} = {132F2DBF-D186-43A4-A2C1-BCF3CB0FBC44}
		{DA98F238-DC49-44B4-8FD9-58BDB7907771} = {90AA0207-FC06-4EEA-BA9B-F15803D8FB03}
		{9390972E-2908-4601-BD4B-340F81A70293} = {14AE462B-B36F-46A3-8987-F33F2D54EFE0}
		{8A3686B5-8D81-474E-A203-5C67CD782025} = {8F2FA2AA-FDEC-4FB6-9EC2-11A9E1D5C4B0}
		{186C1420-916D-48FB-8FA9-12560FD972EB} = {2A31A576-A45E-4705-AAFF-771CCB4779D9}
		{3B6BD545-1254-4182-95D8-93FE0ED9383A} = {F876D5AC-6846-4A5F-977A-3F8492B929FA}
		{0A01F51A-A3E9-429E-ACE0-AB3834AAAE9A} = {CBC9DDA0-9ED5-409C-AF69-5705D0E044E2}
		{05C38B14-3CB9-4FF9-9C08-678A7EB333B2} = {0A01F51A-A3E9-429E-ACE0-AB3834AAAE9A}
	EndGlobalSection
	GlobalSection(ExtensibilityGlobals) = postSolution
		SolutionGuid = {154F6F2A-D488-4124-9996-B6280A0F16BD}
	EndGlobalSection
EndGlobal
